<?xml version="1.0" encoding="utf-8"?>
<Project ToolsVersion="4.0" xmlns="http://schemas.microsoft.com/developer/msbuild/2003">
  <ItemGroup>
    <Filter Include="Source Files">
      <UniqueIdentifier>{4FC737F1-C7A5-4376-A066-2A32D752A2FF}</UniqueIdentifier>
      <Extensions>cpp;c;cc;cxx;def;odl;idl;hpj;bat;asm;asmx</Extensions>
    </Filter>
    <Filter Include="Header Files">
      <UniqueIdentifier>{93995380-89BD-4b04-88EB-625FBE52EBFB}</UniqueIdentifier>
      <Extensions>h;hh;hpp;hxx;hm;inl;inc;ipp;xsd</Extensions>
    </Filter>
    <Filter Include="Resource Files">
      <UniqueIdentifier>{67DA6AB6-F800-4c08-8B7A-83BB121AAD01}</UniqueIdentifier>
      <Extensions>rc;ico;cur;bmp;dlg;rc2;rct;bin;rgs;gif;jpg;jpeg;jpe;resx;tiff;tif;png;wav;mfcribbon-ms</Extensions>
    </Filter>
    <Filter Include="Source Files\scene">
      <UniqueIdentifier>{88fd4841-ff86-48ad-8383-bbf2de2fc648}</UniqueIdentifier>
    </Filter>
    <Filter Include="Source Files\waapi">
      <UniqueIdentifier>{bb432451-69cb-45b6-807a-0dbcfa162265}</UniqueIdentifier>
    </Filter>
    <Filter Include="Source Files\editor">
      <UniqueIdentifier>{ed2f72de-cbe3-448c-963e-83ce0881df2c}</UniqueIdentifier>
    </Filter>
    <Filter Include="Source Files\editor\event_gizmo">
      <UniqueIdentifier>{385e417b-4d47-4aa0-96a3-ad49e479c457}</UniqueIdentifier>
    </Filter>
    <Filter Include="Source Files\editor\export_plugin">
      <UniqueIdentifier>{869fad9c-e760-4eaf-913a-4ea3c39b96ad}</UniqueIdentifier>
    </Filter>
    <Filter Include="Source Files\editor\inspector_plugin">
      <UniqueIdentifier>{157eb0d6-8bd9-4ceb-94d2-be27dae03d37}</UniqueIdentifier>
    </Filter>
    <Filter Include="Source Files\editor\waapi_picker">
      <UniqueIdentifier>{46199684-6d2e-4d49-bc6c-605c237c5ae3}</UniqueIdentifier>
    </Filter>
  </ItemGroup>
  <ItemGroup>
    <ClCompile Include="$(WWISESDK)\samples\SoundEngine\Common\AkFilePackage.cpp">
      <Filter>Source Files</Filter>
    </ClCompile>
    <ClCompile Include="$(WWISESDK)\samples\SoundEngine\Common\AkFilePackageLUT.cpp">
      <Filter>Source Files</Filter>
    </ClCompile>
    <ClCompile Include="$(WWISESDK)\samples\SoundEngine\Common\AkMultipleFileLocation.cpp">
      <Filter>Source Files</Filter>
    </ClCompile>
    <ClCompile Include="..\src\register_types.cpp">
      <Filter>Source Files</Filter>
    </ClCompile>
    <ClCompile Include="..\src\wwise_godot_io.cpp">
      <Filter>Source Files</Filter>
    </ClCompile>
    <ClCompile Include="..\src\wwise_settings.cpp">
      <Filter>Source Files</Filter>
    </ClCompile>
    <ClCompile Include="..\src\ak_utils.cpp">
      <Filter>Source Files</Filter>
    </ClCompile>
    <ClCompile Include="..\src\scene\ak_bank.cpp">
      <Filter>Source Files\scene</Filter>
    </ClCompile>
    <ClCompile Include="..\src\scene\ak_listener.cpp">
      <Filter>Source Files\scene</Filter>
    </ClCompile>
    <ClCompile Include="..\src\scene\ak_state.cpp">
      <Filter>Source Files\scene</Filter>
    </ClCompile>
    <ClCompile Include="..\src\scene\ak_switch.cpp">
      <Filter>Source Files\scene</Filter>
    </ClCompile>
    <ClCompile Include="..\src\wwise_gdextension.cpp">
      <Filter>Source Files</Filter>
    </ClCompile>
    <ClCompile Include="..\src\scene\ak_early_reflections.cpp">
      <Filter>Source Files\scene</Filter>
    </ClCompile>
    <ClCompile Include="..\src\scene\ak_environment.cpp">
      <Filter>Source Files\scene</Filter>
    </ClCompile>
    <ClCompile Include="..\src\scene\ak_event.cpp">
      <Filter>Source Files\scene</Filter>
    </ClCompile>
    <ClCompile Include="..\src\scene\ak_geometry.cpp">
      <Filter>Source Files\scene</Filter>
    </ClCompile>
    <ClCompile Include="..\src\scene\ak_portal.cpp">
      <Filter>Source Files\scene</Filter>
    </ClCompile>
    <ClCompile Include="..\src\scene\ak_room.cpp">
      <Filter>Source Files\scene</Filter>
    </ClCompile>
    <ClCompile Include="..\src\waapi\waapi_gdextension.cpp">
      <Filter>Source Files\waapi</Filter>
    </ClCompile>
    <ClCompile Include="..\src\editor\inspector_plugin\ak_inspector_plugin.cpp">
      <Filter>Source Files\editor\inspector_plugin</Filter>
    </ClCompile>
    <ClCompile Include="..\src\editor\waapi_picker\waapi_picker.cpp">
      <Filter>Source Files\editor\waapi_picker</Filter>
    </ClCompile>
    <ClCompile Include="$(WWISESDK)\samples\SoundEngine\Common\AkGeneratedSoundBanksResolver.cpp">
      <Filter>Source Files</Filter>
    </ClCompile>
    <ClCompile Include="..\src\editor\ak_editor_utils.cpp">
      <Filter>Source Files\editor</Filter>
    </ClCompile>
  </ItemGroup>
  <ItemGroup>
    <ClInclude Include="$(WWISESDK)\samples\SoundEngine\Win32\stdafx.cpp">
      <Filter>Source Files</Filter>
    </ClInclude>
    <ClInclude Include="..\src\scene\ak_bank.h">
      <Filter>Source Files\scene</Filter>
    </ClInclude>
    <ClInclude Include="..\src\scene\ak_listener.h">
      <Filter>Source Files\scene</Filter>
    </ClInclude>
    <ClInclude Include="..\src\scene\ak_state.h">
      <Filter>Source Files\scene</Filter>
    </ClInclude>
    <ClInclude Include="..\src\scene\ak_switch.h">
      <Filter>Source Files\scene</Filter>
    </ClInclude>
    <ClInclude Include="..\src\scene\ak_early_reflections.h">
      <Filter>Source Files\scene</Filter>
    </ClInclude>
    <ClInclude Include="..\src\scene\ak_environment.h">
      <Filter>Source Files\scene</Filter>
    </ClInclude>
    <ClInclude Include="..\src\scene\ak_environment_data.h">
      <Filter>Source Files\scene</Filter>
    </ClInclude>
    <ClInclude Include="..\src\scene\ak_event.h">
      <Filter>Source Files\scene</Filter>
    </ClInclude>
    <ClInclude Include="..\src\scene\ak_geometry.h">
      <Filter>Source Files\scene</Filter>
    </ClInclude>
    <ClInclude Include="..\src\scene\ak_portal.h">
      <Filter>Source Files\scene</Filter>
    </ClInclude>
    <ClInclude Include="..\src\scene\ak_room.h">
      <Filter>Source Files\scene</Filter>
    </ClInclude>
    <ClInclude Include="..\src\waapi\waapi_gdextension.h">
      <Filter>Source Files\waapi</Filter>
    </ClInclude>
    <ClInclude Include="..\src\editor\event_gizmo\ak_event_3d_gizmo_plugin.h">
      <Filter>Source Files\editor\event_gizmo</Filter>
    </ClInclude>
    <ClInclude Include="..\src\editor\export_plugin\ak_editor_export_plugin.h">
      <Filter>Source Files\editor\export_plugin</Filter>
    </ClInclude>
    <ClInclude Include="..\src\editor\inspector_plugin\ak_inspector_plugin.h">
      <Filter>Source Files\editor\inspector_plugin</Filter>
    </ClInclude>
    <ClInclude Include="..\src\editor\waapi_picker\waapi_picker.h">
      <Filter>Source Files\editor\waapi_picker</Filter>
    </ClInclude>
    <ClInclude Include="..\src\ak_utils.h">
      <Filter>Source Files</Filter>
    </ClInclude>
    <ClInclude Include="$(WWISESDK)\samples\SoundEngine\Common\AkGeneratedSoundBanksResolver.h">
      <Filter>Source Files</Filter>
    </ClInclude>
    <ClInclude Include="$(WWISESDK)\include\AK\SoundEngine\Common\AkStreamMgrModule.h">
      <Filter>Source Files</Filter>
    </ClInclude>
    <ClInclude Include="..\src\register_types.h">
      <Filter>Source Files</Filter>
    </ClInclude>
    <ClInclude Include="$(WWISESDK)\samples\SoundEngine\Win32\stdafx.h">
      <Filter>Source Files</Filter>
    </ClInclude>
    <ClInclude Include="..\src\wwise_gdextension.h">
      <Filter>Source Files</Filter>
    </ClInclude>
    <ClInclude Include="..\src\wwise_godot_io.h">
      <Filter>Source Files</Filter>
    </ClInclude>
    <ClInclude Include="..\src\wwise_settings.h">
      <Filter>Source Files</Filter>
    </ClInclude>
    <ClInclude Include="..\src\wwise_utils.h">
      <Filter>Source Files</Filter>
    </ClInclude>
    <ClInclude Include="..\src\wwise_editor.h">
      <Filter>Source Files</Filter>
    </ClInclude>
    <ClInclude Include="..\src\editor\ak_editor_utils.h">
      <Filter>Source Files\editor</Filter>
    </ClInclude>
    <ClInclude Include="..\src\editor\export_plugin\ak_android_export_plugin.h">
      <Filter>Source Files\editor\export_plugin</Filter>
    </ClInclude>
  </ItemGroup>
</Project>