<?xml version="1.0" encoding="utf-8"?>
<Project ToolsVersion="4.0" xmlns="http://schemas.microsoft.com/developer/msbuild/2003">
  <ItemGroup>
    <Filter Include="Source Files">
      <UniqueIdentifier>{4FC737F1-C7A5-4376-A066-2A32D752A2FF}</UniqueIdentifier>
      <Extensions>cpp;c;cc;cxx;def;odl;idl;hpj;bat;asm;asmx</Extensions>
    </Filter>
    <Filter Include="Header Files">
      <UniqueIdentifier>{93995380-89BD-4b04-88EB-625FBE52EBFB}</UniqueIdentifier>
      <Extensions>h;hh;hpp;hxx;hm;inl;inc;ipp;xsd</Extensions>
    </Filter>
    <Filter Include="Resource Files">
      <UniqueIdentifier>{67DA6AB6-F800-4c08-8B7A-83BB121AAD01}</UniqueIdentifier>
      <Extensions>rc;ico;cur;bmp;dlg;rc2;rct;bin;rgs;gif;jpg;jpeg;jpe;resx;tiff;tif;png;wav;mfcribbon-ms</Extensions>
    </Filter>
    <Filter Include="Source Files\scene">
      <UniqueIdentifier>{88fd4841-ff86-48ad-8383-bbf2de2fc648}</UniqueIdentifier>
    </Filter>
    <Filter Include="Source Files\waapi">
      <UniqueIdentifier>{bb432451-69cb-45b6-807a-0dbcfa162265}</UniqueIdentifier>
    </Filter>
  </ItemGroup>
  <ItemGroup>
    <ClCompile Include="$(WWISESDK)\samples\SoundEngine\Common\AkFilePackage.cpp">
      <Filter>Source Files</Filter>
    </ClCompile>
    <ClCompile Include="$(WWISESDK)\samples\SoundEngine\Common\AkFilePackageLUT.cpp">
      <Filter>Source Files</Filter>
    </ClCompile>
    <ClCompile Include="$(WWISESDK)\samples\SoundEngine\Common\AkMultipleFileLocation.cpp">
      <Filter>Source Files</Filter>
    </ClCompile>
    <ClCompile Include="$(WWISESDK)\samples\SoundEngine\Win32\AkDefaultIOHookBlocking.cpp">
      <Filter>Source Files</Filter>
    </ClCompile>
    <ClCompile Include="..\src\register_types.cpp">
      <Filter>Source Files</Filter>
    </ClCompile>
    <ClCompile Include="..\src\wwise_godot_io.cpp">
      <Filter>Source Files</Filter>
    </ClCompile>
    <ClCompile Include="..\src\wwise_settings.cpp">
      <Filter>Source Files</Filter>
    </ClCompile>
    <ClCompile Include="..\src\ak_utils.cpp">
      <Filter>Source Files</Filter>
    </ClCompile>
    <ClCompile Include="..\src\scene\ak_bank.cpp">
      <Filter>Source Files\scene</Filter>
    </ClCompile>
    <ClCompile Include="..\src\scene\ak_listener.cpp">
      <Filter>Source Files\scene</Filter>
    </ClCompile>
    <ClCompile Include="..\src\scene\ak_state.cpp">
      <Filter>Source Files\scene</Filter>
    </ClCompile>
    <ClCompile Include="..\src\scene\ak_switch.cpp">
      <Filter>Source Files\scene</Filter>
    </ClCompile>
    <ClCompile Include="..\src\wwise_gdextension.cpp">
      <Filter>Source Files</Filter>
    </ClCompile>
    <ClCompile Include="..\src\scene\ak_early_reflections.cpp">
      <Filter>Source Files\scene</Filter>
    </ClCompile>
    <ClCompile Include="..\src\scene\ak_environment.cpp">
      <Filter>Source Files\scene</Filter>
    </ClCompile>
    <ClCompile Include="..\src\scene\ak_event.cpp">
      <Filter>Source Files\scene</Filter>
    </ClCompile>
    <ClCompile Include="..\src\scene\ak_geometry.cpp">
      <Filter>Source Files\scene</Filter>
    </ClCompile>
    <ClCompile Include="..\src\scene\ak_portal.cpp">
      <Filter>Source Files\scene</Filter>
    </ClCompile>
    <ClCompile Include="..\src\scene\ak_room.cpp">
      <Filter>Source Files\scene</Filter>
    </ClCompile>
    <ClCompile Include="..\src\waapi\waapi_gdextension.cpp">
      <Filter>Source Files\waapi</Filter>
    </ClCompile>
    <ClCompile Include="C:\Program Files (x86)\Audiokinetic\Wwise 2022.1.6.8263\SDK\samples\SoundEngine\Common\AkGeneratedSoundBanksResolver.cpp">
      <Filter>Source Files</Filter>
    </ClCompile>
  </ItemGroup>
  <ItemGroup>
    <ClInclude Include="$(WWISESDK)\samples\SoundEngine\Win32\stdafx.cpp">
      <Filter>Source Files</Filter>
    </ClInclude>
    <ClInclude Include="$(WWISESDK)\samples\SoundEngine\Win32\AkDefaultIOHookBlocking.h">
      <Filter>Header Files</Filter>
    </ClInclude>
    <ClInclude Include="$(WWISESDK)\samples\SoundEngine\Win32\stdafx.h">
      <Filter>Header Files</Filter>
    </ClInclude>
    <ClInclude Include="..\src\wwise_utils.h">
      <Filter>Header Files</Filter>
    </ClInclude>
    <ClInclude Include="..\src\register_types.h">
      <Filter>Header Files</Filter>
    </ClInclude>
    <ClInclude Include="..\src\wwise_godot_io.h">
      <Filter>Header Files</Filter>
    </ClInclude>
    <ClInclude Include="..\src\wwise_settings.h">
      <Filter>Header Files</Filter>
    </ClInclude>
    <ClInclude Include="..\src\ak_utils.h">
      <Filter>Header Files</Filter>
    </ClInclude>
    <ClInclude Include="..\src\scene\ak_bank.h">
      <Filter>Source Files\scene</Filter>
    </ClInclude>
    <ClInclude Include="..\src\scene\ak_listener.h">
      <Filter>Source Files\scene</Filter>
    </ClInclude>
    <ClInclude Include="..\src\scene\ak_state.h">
      <Filter>Source Files\scene</Filter>
    </ClInclude>
    <ClInclude Include="..\src\scene\ak_switch.h">
      <Filter>Source Files\scene</Filter>
    </ClInclude>
    <ClInclude Include="..\src\wwise_gdextension.h">
      <Filter>Header Files</Filter>
    </ClInclude>
    <ClInclude Include="..\src\scene\ak_early_reflections.h">
      <Filter>Source Files\scene</Filter>
    </ClInclude>
    <ClInclude Include="..\src\scene\ak_environment.h">
      <Filter>Source Files\scene</Filter>
    </ClInclude>
    <ClInclude Include="..\src\scene\ak_environment_data.h">
      <Filter>Source Files\scene</Filter>
    </ClInclude>
    <ClInclude Include="..\src\scene\ak_event.h">
      <Filter>Source Files\scene</Filter>
    </ClInclude>
    <ClInclude Include="..\src\scene\ak_geometry.h">
      <Filter>Source Files\scene</Filter>
    </ClInclude>
    <ClInclude Include="..\src\scene\ak_portal.h">
      <Filter>Source Files\scene</Filter>
    </ClInclude>
    <ClInclude Include="..\src\scene\ak_room.h">
      <Filter>Source Files\scene</Filter>
    </ClInclude>
    <ClInclude Include="..\src\waapi\waapi_gdextension.h">
      <Filter>Source Files\waapi</Filter>
    </ClInclude>
    <ClInclude Include="C:\Program Files (x86)\Audiokinetic\Wwise 2022.1.6.8263\SDK\samples\SoundEngine\Common\AkGeneratedSoundBanksResolver.h">
      <Filter>Header Files</Filter>
    </ClInclude>
  </ItemGroup>
</Project>