<?xml version="1.0" encoding="utf-8"?>
<Project ToolsVersion="4.0" xmlns="http://schemas.microsoft.com/developer/msbuild/2003">
  <ItemGroup>
    <Filter Include="Source Files">
      <UniqueIdentifier>{4FC737F1-C7A5-4376-A066-2A32D752A2FF}</UniqueIdentifier>
      <Extensions>cpp;c;cc;cxx;def;odl;idl;hpj;bat;asm;asmx</Extensions>
    </Filter>
    <Filter Include="Header Files">
      <UniqueIdentifier>{93995380-89BD-4b04-88EB-625FBE52EBFB}</UniqueIdentifier>
      <Extensions>h;hh;hpp;hxx;hm;inl;inc;ipp;xsd</Extensions>
    </Filter>
    <Filter Include="Resource Files">
      <UniqueIdentifier>{67DA6AB6-F800-4c08-8B7A-83BB121AAD01}</UniqueIdentifier>
      <Extensions>rc;ico;cur;bmp;dlg;rc2;rct;bin;rgs;gif;jpg;jpeg;jpe;resx;tiff;tif;png;wav;mfcribbon-ms</Extensions>
    </Filter>
    <Filter Include="Source Files\scene">
      <UniqueIdentifier>{88fd4841-ff86-48ad-8383-bbf2de2fc648}</UniqueIdentifier>
    </Filter>
    <Filter Include="Source Files\editor">
      <UniqueIdentifier>{ed2f72de-cbe3-448c-963e-83ce0881df2c}</UniqueIdentifier>
    </Filter>
    <Filter Include="Source Files\platform">
      <UniqueIdentifier>{39865a72-380f-4c93-97e6-e4059087e215}</UniqueIdentifier>
    </Filter>
    <Filter Include="Source Files\platform\android">
      <UniqueIdentifier>{ffad7b0f-7590-423b-8e22-c98a162f085d}</UniqueIdentifier>
    </Filter>
    <Filter Include="Source Files\core">
      <UniqueIdentifier>{0a35a43b-bc36-4e83-a1e2-13cbbd6ec243}</UniqueIdentifier>
    </Filter>
  </ItemGroup>
  <ItemGroup>
    <ClCompile Include="..\src\scene\ak_bank.cpp">
      <Filter>Source Files\scene</Filter>
    </ClCompile>
    <ClCompile Include="..\src\scene\ak_early_reflections.cpp">
      <Filter>Source Files\scene</Filter>
    </ClCompile>
    <ClCompile Include="..\src\scene\ak_environment.cpp">
      <Filter>Source Files\scene</Filter>
    </ClCompile>
    <ClCompile Include="..\src\scene\ak_environment_data.cpp">
      <Filter>Source Files\scene</Filter>
    </ClCompile>
    <ClCompile Include="..\src\scene\ak_event.cpp">
      <Filter>Source Files\scene</Filter>
    </ClCompile>
    <ClCompile Include="..\src\scene\ak_geometry.cpp">
      <Filter>Source Files\scene</Filter>
    </ClCompile>
    <ClCompile Include="..\src\scene\ak_listener.cpp">
      <Filter>Source Files\scene</Filter>
    </ClCompile>
    <ClCompile Include="..\src\scene\ak_portal.cpp">
      <Filter>Source Files\scene</Filter>
    </ClCompile>
    <ClCompile Include="..\src\scene\ak_room.cpp">
      <Filter>Source Files\scene</Filter>
    </ClCompile>
    <ClCompile Include="..\src\scene\ak_state.cpp">
      <Filter>Source Files\scene</Filter>
    </ClCompile>
    <ClCompile Include="..\src\scene\ak_switch.cpp">
      <Filter>Source Files\scene</Filter>
    </ClCompile>
    <ClCompile Include="..\src\editor\ak_android_export_plugin.cpp">
      <Filter>Source Files\editor</Filter>
    </ClCompile>
    <ClCompile Include="..\src\editor\ak_editor_export_plugin.cpp">
      <Filter>Source Files\editor</Filter>
    </ClCompile>
    <ClCompile Include="..\src\editor\ak_editor_plugin.cpp">
      <Filter>Source Files\editor</Filter>
    </ClCompile>
    <ClCompile Include="..\src\editor\ak_editor_utils.cpp">
      <Filter>Source Files\editor</Filter>
    </ClCompile>
    <ClCompile Include="..\src\editor\ak_event_3d_gizmo_plugin.cpp">
      <Filter>Source Files\editor</Filter>
    </ClCompile>
    <ClCompile Include="..\src\editor\ak_inspector_plugin.cpp">
      <Filter>Source Files\editor</Filter>
    </ClCompile>
    <ClCompile Include="..\src\editor\ak_waapi_picker.cpp">
      <Filter>Source Files\editor</Filter>
    </ClCompile>
    <ClCompile Include="..\src\platform\android\jni_support.cpp">
      <Filter>Source Files\platform\android</Filter>
    </ClCompile>
    <ClCompile Include="$(WWISESDK)\samples\SoundEngine\Common\AkFilePackage.cpp">
      <Filter>Source Files\core</Filter>
    </ClCompile>
    <ClCompile Include="$(WWISESDK)\samples\SoundEngine\Common\AkFilePackageLUT.cpp">
      <Filter>Source Files\core</Filter>
    </ClCompile>
    <ClCompile Include="$(WWISESDK)\samples\SoundEngine\Common\AkGeneratedSoundBanksResolver.cpp">
      <Filter>Source Files\core</Filter>
    </ClCompile>
    <ClCompile Include="$(WWISESDK)\samples\SoundEngine\Common\AkMultipleFileLocation.cpp">
      <Filter>Source Files\core</Filter>
    </ClCompile>
    <ClCompile Include="..\src\wwise_gdextension_main.cpp">
      <Filter>Source Files</Filter>
    </ClCompile>
    <ClCompile Include="..\src\core\ak_utils.cpp">
      <Filter>Source Files\core</Filter>
    </ClCompile>
    <ClCompile Include="..\src\core\waapi_gdextension.cpp">
      <Filter>Source Files\core</Filter>
    </ClCompile>
    <ClCompile Include="..\src\core\wwise_cookie.cpp">
      <Filter>Source Files\core</Filter>
    </ClCompile>
    <ClCompile Include="..\src\core\wwise_gdextension.cpp">
      <Filter>Source Files\core</Filter>
    </ClCompile>
    <ClCompile Include="..\src\core\wwise_io_hook.cpp">
      <Filter>Source Files\core</Filter>
    </ClCompile>
    <ClCompile Include="..\src\core\wwise_settings.cpp">
      <Filter>Source Files\core</Filter>
    </ClCompile>
  </ItemGroup>
  <ItemGroup>
    <ClInclude Include="..\src\scene\ak_bank.h">
      <Filter>Source Files\scene</Filter>
    </ClInclude>
    <ClInclude Include="..\src\scene\ak_early_reflections.h">
      <Filter>Source Files\scene</Filter>
    </ClInclude>
    <ClInclude Include="..\src\scene\ak_environment.h">
      <Filter>Source Files\scene</Filter>
    </ClInclude>
    <ClInclude Include="..\src\scene\ak_environment_data.h">
      <Filter>Source Files\scene</Filter>
    </ClInclude>
    <ClInclude Include="..\src\scene\ak_event.h">
      <Filter>Source Files\scene</Filter>
    </ClInclude>
    <ClInclude Include="..\src\scene\ak_geometry.h">
      <Filter>Source Files\scene</Filter>
    </ClInclude>
    <ClInclude Include="..\src\scene\ak_listener.h">
      <Filter>Source Files\scene</Filter>
    </ClInclude>
    <ClInclude Include="..\src\scene\ak_portal.h">
      <Filter>Source Files\scene</Filter>
    </ClInclude>
    <ClInclude Include="..\src\scene\ak_room.h">
      <Filter>Source Files\scene</Filter>
    </ClInclude>
    <ClInclude Include="..\src\scene\ak_state.h">
      <Filter>Source Files\scene</Filter>
    </ClInclude>
    <ClInclude Include="..\src\scene\ak_switch.h">
      <Filter>Source Files\scene</Filter>
    </ClInclude>
    <ClInclude Include="..\src\editor\ak_android_export_plugin.h">
      <Filter>Source Files\editor</Filter>
    </ClInclude>
    <ClInclude Include="..\src\editor\ak_editor_export_plugin.h">
      <Filter>Source Files\editor</Filter>
    </ClInclude>
    <ClInclude Include="..\src\editor\ak_editor_plugin.h">
      <Filter>Source Files\editor</Filter>
    </ClInclude>
    <ClInclude Include="..\src\editor\ak_editor_utils.h">
      <Filter>Source Files\editor</Filter>
    </ClInclude>
    <ClInclude Include="..\src\editor\ak_event_3d_gizmo_plugin.h">
      <Filter>Source Files\editor</Filter>
    </ClInclude>
    <ClInclude Include="..\src\editor\ak_inspector_plugin.h">
      <Filter>Source Files\editor</Filter>
    </ClInclude>
    <ClInclude Include="..\src\editor\ak_waapi_picker.h">
      <Filter>Source Files\editor</Filter>
    </ClInclude>
    <ClInclude Include="..\src\platform\android\jni_support.h">
      <Filter>Source Files\platform\android</Filter>
    </ClInclude>
    <ClInclude Include="$(WWISESDK)\samples\SoundEngine\Common\AkGeneratedSoundBanksResolver.h">
      <Filter>Source Files\core</Filter>
    </ClInclude>
    <ClInclude Include="$(WWISESDK)\include\AK\SoundEngine\Common\AkStreamMgrModule.h">
      <Filter>Source Files\core</Filter>
    </ClInclude>
    <ClInclude Include="$(WWISESDK)\samples\SoundEngine\Win32\stdafx.cpp">
      <Filter>Source Files</Filter>
    </ClInclude>
    <ClInclude Include="$(WWISESDK)\samples\SoundEngine\Win32\stdafx.h">
      <Filter>Source Files</Filter>
    </ClInclude>
    <ClInclude Include="..\src\core\ak_utils.h">
      <Filter>Source Files\core</Filter>
    </ClInclude>
    <ClInclude Include="..\src\core\utils.h">
      <Filter>Source Files\core</Filter>
    </ClInclude>
    <ClInclude Include="..\src\core\waapi_gdextension.h">
      <Filter>Source Files\core</Filter>
    </ClInclude>
    <ClInclude Include="..\src\core\wwise_cookie.h">
      <Filter>Source Files\core</Filter>
    </ClInclude>
    <ClInclude Include="..\src\core\wwise_gdextension.h">
      <Filter>Source Files\core</Filter>
    </ClInclude>
    <ClInclude Include="..\src\core\wwise_io_hook.h">
      <Filter>Source Files\core</Filter>
    </ClInclude>
    <ClInclude Include="..\src\core\wwise_settings.h">
      <Filter>Source Files\core</Filter>
    </ClInclude>
  </ItemGroup>
</Project>